// !$*UTF8*$!
{
	archiveVersion = 1;
	classes = {
	};
	objectVersion = 77;
	objects = {

/* Begin PBXContainerItemProxy section */
		ED2F2B682E0BB28B00999EB2 /* PBXContainerItemProxy */ = {
			isa = PBXContainerItemProxy;
			containerPortal = ED2F2B502E0BB28A00999EB2 /* Project object */;
			proxyType = 1;
			remoteGlobalIDString = ED2F2B572E0BB28A00999EB2;
			remoteInfo = ExerciseForGood;
		};
		ED2F2B722E0BB28B00999EB2 /* PBXContainerItemProxy */ = {
			isa = PBXContainerItemProxy;
			containerPortal = ED2F2B502E0BB28A00999EB2 /* Project object */;
			proxyType = 1;
			remoteGlobalIDString = ED2F2B572E0BB28A00999EB2;
			remoteInfo = ExerciseForGood;
		};
/* End PBXContainerItemProxy section */

/* Begin PBXFileReference section */
		ED2F2B582E0BB28A00999EB2 /* ExerciseForGood.app */ = {isa = PBXFileReference; explicitFileType = wrapper.application; includeInIndex = 0; path = ExerciseForGood.app; sourceTree = BUILT_PRODUCTS_DIR; };
		ED2F2B672E0BB28B00999EB2 /* ExerciseForGoodTests.xctest */ = {isa = PBXFileReference; explicitFileType = wrapper.cfbundle; includeInIndex = 0; path = ExerciseForGoodTests.xctest; sourceTree = BUILT_PRODUCTS_DIR; };
		ED2F2B712E0BB28B00999EB2 /* ExerciseForGoodUITests.xctest */ = {isa = PBXFileReference; explicitFileType = wrapper.cfbundle; includeInIndex = 0; path = ExerciseForGoodUITests.xctest; sourceTree = BUILT_PRODUCTS_DIR; };
/* End PBXFileReference section */

/* Begin PBXFileSystemSynchronizedRootGroup section */
		ED2F2B5A2E0BB28A00999EB2 /* ExerciseForGood */ = {
			isa = PBXFileSystemSynchronizedRootGroup;
			path = ExerciseForGood;
			sourceTree = "<group>";
		};
		ED2F2B6A2E0BB28B00999EB2 /* ExerciseForGoodTests */ = {
			isa = PBXFileSystemSynchronizedRootGroup;
			path = ExerciseForGoodTests;
			sourceTree = "<group>";
		};
		ED2F2B742E0BB28B00999EB2 /* ExerciseForGoodUITests */ = {
			isa = PBXFileSystemSynchronizedRootGroup;
			path = ExerciseForGoodUITests;
			sourceTree = "<group>";
		};
/* End PBXFileSystemSynchronizedRootGroup section */

/* Begin PBXFrameworksBuildPhase section */
		ED2F2B552E0BB28A00999EB2 /* Frameworks */ = {
			isa = PBXFrameworksBuildPhase;
			buildActionMask = 2147483647;
			files = (
			);
			runOnlyForDeploymentPostprocessing = 0;
		};
		ED2F2B642E0BB28B00999EB2 /* Frameworks */ = {
			isa = PBXFrameworksBuildPhase;
			buildActionMask = 2147483647;
			files = (
			);
			runOnlyForDeploymentPostprocessing = 0;
		};
		ED2F2B6E2E0BB28B00999EB2 /* Frameworks */ = {
			isa = PBXFrameworksBuildPhase;
			buildActionMask = 2147483647;
			files = (
			);
			runOnlyForDeploymentPostprocessing = 0;
		};
/* End PBXFrameworksBuildPhase section */

/* Begin PBXGroup section */
		ED2F2B4F2E0BB28A00999EB2 = {
			isa = PBXGroup;
			children = (
				ED2F2B5A2E0BB28A00999EB2 /* ExerciseForGood */,
				ED2F2B6A2E0BB28B00999EB2 /* ExerciseForGoodTests */,
				ED2F2B742E0BB28B00999EB2 /* ExerciseForGoodUITests */,
				ED2F2B592E0BB28A00999EB2 /* Products */,
			);
			sourceTree = "<group>";
		};
		ED2F2B592E0BB28A00999EB2 /* Products */ = {
			isa = PBXGroup;
			children = (
				ED2F2B582E0BB28A00999EB2 /* ExerciseForGood.app */,
				ED2F2B672E0BB28B00999EB2 /* ExerciseForGoodTests.xctest */,
				ED2F2B712E0BB28B00999EB2 /* ExerciseForGoodUITests.xctest */,
			);
			name = Products;
			sourceTree = "<group>";
		};
/* End PBXGroup section */

/* Begin PBXNativeTarget section */
		ED2F2B572E0BB28A00999EB2 /* ExerciseForGood */ = {
			isa = PBXNativeTarget;
			buildConfigurationList = ED2F2B7B2E0BB28B00999EB2 /* Build configuration list for PBXNativeTarget "ExerciseForGood" */;
			buildPhases = (
				ED2F2B542E0BB28A00999EB2 /* Sources */,
				ED2F2B552E0BB28A00999EB2 /* Frameworks */,
				ED2F2B562E0BB28A00999EB2 /* Resources */,
			);
			buildRules = (
			);
			dependencies = (
			);
			fileSystemSynchronizedGroups = (
				ED2F2B5A2E0BB28A00999EB2 /* ExerciseForGood */,
			);
			name = ExerciseForGood;
			packageProductDependencies = (
			);
			productName = ExerciseForGood;
			productReference = ED2F2B582E0BB28A00999EB2 /* ExerciseForGood.app */;
			productType = "com.apple.product-type.application";
		};
		ED2F2B662E0BB28B00999EB2 /* ExerciseForGoodTests */ = {
			isa = PBXNativeTarget;
			buildConfigurationList = ED2F2B7E2E0BB28B00999EB2 /* Build configuration list for PBXNativeTarget "ExerciseForGoodTests" */;
			buildPhases = (
				ED2F2B632E0BB28B00999EB2 /* Sources */,
				ED2F2B642E0BB28B00999EB2 /* Frameworks */,
				ED2F2B652E0BB28B00999EB2 /* Resources */,
			);
			buildRules = (
			);
			dependencies = (
				ED2F2B692E0BB28B00999EB2 /* PBXTargetDependency */,
			);
			fileSystemSynchronizedGroups = (
				ED2F2B6A2E0BB28B00999EB2 /* ExerciseForGoodTests */,
			);
			name = ExerciseForGoodTests;
			packageProductDependencies = (
			);
			productName = ExerciseForGoodTests;
			productReference = ED2F2B672E0BB28B00999EB2 /* ExerciseForGoodTests.xctest */;
			productType = "com.apple.product-type.bundle.unit-test";
		};
		ED2F2B702E0BB28B00999EB2 /* ExerciseForGoodUITests */ = {
			isa = PBXNativeTarget;
			buildConfigurationList = ED2F2B812E0BB28B00999EB2 /* Build configuration list for PBXNativeTarget "ExerciseForGoodUITests" */;
			buildPhases = (
				ED2F2B6D2E0BB28B00999EB2 /* Sources */,
				ED2F2B6E2E0BB28B00999EB2 /* Frameworks */,
				ED2F2B6F2E0BB28B00999EB2 /* Resources */,
			);
			buildRules = (
			);
			dependencies = (
				ED2F2B732E0BB28B00999EB2 /* PBXTargetDependency */,
			);
			fileSystemSynchronizedGroups = (
				ED2F2B742E0BB28B00999EB2 /* ExerciseForGoodUITests */,
			);
			name = ExerciseForGoodUITests;
			packageProductDependencies = (
			);
			productName = ExerciseForGoodUITests;
			productReference = ED2F2B712E0BB28B00999EB2 /* ExerciseForGoodUITests.xctest */;
			productType = "com.apple.product-type.bundle.ui-testing";
		};
/* End PBXNativeTarget section */

/* Begin PBXProject section */
		ED2F2B502E0BB28A00999EB2 /* Project object */ = {
			isa = PBXProject;
			attributes = {
				BuildIndependentTargetsInParallel = 1;
				LastSwiftUpdateCheck = 1640;
				LastUpgradeCheck = 1640;
				TargetAttributes = {
					ED2F2B572E0BB28A00999EB2 = {
						CreatedOnToolsVersion = 16.4;
					};
					ED2F2B662E0BB28B00999EB2 = {
						CreatedOnToolsVersion = 16.4;
						TestTargetID = ED2F2B572E0BB28A00999EB2;
					};
					ED2F2B702E0BB28B00999EB2 = {
						CreatedOnToolsVersion = 16.4;
						TestTargetID = ED2F2B572E0BB28A00999EB2;
					};
				};
			};
			buildConfigurationList = ED2F2B532E0BB28A00999EB2 /* Build configuration list for PBXProject "ExerciseForGood" */;
			developmentRegion = en;
			hasScannedForEncodings = 0;
			knownRegions = (
				en,
				Base,
			);
			mainGroup = ED2F2B4F2E0BB28A00999EB2;
			minimizedProjectReferenceProxies = 1;
			preferredProjectObjectVersion = 77;
			productRefGroup = ED2F2B592E0BB28A00999EB2 /* Products */;
			projectDirPath = "";
			projectRoot = "";
			targets = (
				ED2F2B572E0BB28A00999EB2 /* ExerciseForGood */,
				ED2F2B662E0BB28B00999EB2 /* ExerciseForGoodTests */,
				ED2F2B702E0BB28B00999EB2 /* ExerciseForGoodUITests */,
			);
		};
/* End PBXProject section */

/* Begin PBXResourcesBuildPhase section */
		ED2F2B562E0BB28A00999EB2 /* Resources */ = {
			isa = PBXResourcesBuildPhase;
			buildActionMask = 2147483647;
			files = (
			);
			runOnlyForDeploymentPostprocessing = 0;
		};
		ED2F2B652E0BB28B00999EB2 /* Resources */ = {
			isa = PBXResourcesBuildPhase;
			buildActionMask = 2147483647;
			files = (
			);
			runOnlyForDeploymentPostprocessing = 0;
		};
		ED2F2B6F2E0BB28B00999EB2 /* Resources */ = {
			isa = PBXResourcesBuildPhase;
			buildActionMask = 2147483647;
			files = (
			);
			runOnlyForDeploymentPostprocessing = 0;
		};
/* End PBXResourcesBuildPhase section */

/* Begin PBXSourcesBuildPhase section */
		ED2F2B542E0BB28A00999EB2 /* Sources */ = {
			isa = PBXSourcesBuildPhase;
			buildActionMask = 2147483647;
			files = (
			);
			runOnlyForDeploymentPostprocessing = 0;
		};
		ED2F2B632E0BB28B00999EB2 /* Sources */ = {
			isa = PBXSourcesBuildPhase;
			buildActionMask = 2147483647;
			files = (
			);
			runOnlyForDeploymentPostprocessing = 0;
		};
		ED2F2B6D2E0BB28B00999EB2 /* Sources */ = {
			isa = PBXSourcesBuildPhase;
			buildActionMask = 2147483647;
			files = (
			);
			runOnlyForDeploymentPostprocessing = 0;
		};
/* End PBXSourcesBuildPhase section */

/* Begin PBXTargetDependency section */
		ED2F2B692E0BB28B00999EB2 /* PBXTargetDependency */ = {
			isa = PBXTargetDependency;
			target = ED2F2B572E0BB28A00999EB2 /* ExerciseForGood */;
			targetProxy = ED2F2B682E0BB28B00999EB2 /* PBXContainerItemProxy */;
		};
		ED2F2B732E0BB28B00999EB2 /* PBXTargetDependency */ = {
			isa = PBXTargetDependency;
			target = ED2F2B572E0BB28A00999EB2 /* ExerciseForGood */;
			targetProxy = ED2F2B722E0BB28B00999EB2 /* PBXContainerItemProxy */;
		};
/* End PBXTargetDependency section */

/* Begin XCBuildConfiguration section */
		ED2F2B792E0BB28B00999EB2 /* Debug */ = {
			isa = XCBuildConfiguration;
			buildSettings = {
				ALWAYS_SEARCH_USER_PATHS = NO;
				ASSETCATALOG_COMPILER_GENERATE_SWIFT_ASSET_SYMBOL_EXTENSIONS = YES;
				CLANG_ANALYZER_NONNULL = YES;
				CLANG_ANALYZER_NUMBER_OBJECT_CONVERSION = YES_AGGRESSIVE;
				CLANG_CXX_LANGUAGE_STANDARD = "gnu++20";
				CLANG_ENABLE_MODULES = YES;
				CLANG_ENABLE_OBJC_ARC = YES;
				CLANG_ENABLE_OBJC_WEAK = YES;
				CLANG_WARN_BLOCK_CAPTURE_AUTORELEASING = YES;
				CLANG_WARN_BOOL_CONVERSION = YES;
				CLANG_WARN_COMMA = YES;
				CLANG_WARN_CONSTANT_CONVERSION = YES;
				CLANG_WARN_DEPRECATED_OBJC_IMPLEMENTATIONS = YES;
				CLANG_WARN_DIRECT_OBJC_ISA_USAGE = YES_ERROR;
				CLANG_WARN_DOCUMENTATION_COMMENTS = YES;
				CLANG_WARN_EMPTY_BODY = YES;
				CLANG_WARN_ENUM_CONVERSION = YES;
				CLANG_WARN_INFINITE_RECURSION = YES;
				CLANG_WARN_INT_CONVERSION = YES;
				CLANG_WARN_NON_LITERAL_NULL_CONVERSION = YES;
				CLANG_WARN_OBJC_IMPLICIT_RETAIN_SELF = YES;
				CLANG_WARN_OBJC_LITERAL_CONVERSION = YES;
				CLANG_WARN_OBJC_ROOT_CLASS = YES_ERROR;
				CLANG_WARN_QUOTED_INCLUDE_IN_FRAMEWORK_HEADER = YES;
				CLANG_WARN_RANGE_LOOP_ANALYSIS = YES;
				CLANG_WARN_STRICT_PROTOTYPES = YES;
				CLANG_WARN_SUSPICIOUS_MOVE = YES;
				CLANG_WARN_UNGUARDED_AVAILABILITY = YES_AGGRESSIVE;
				CLANG_WARN_UNREACHABLE_CODE = YES;
				CLANG_WARN__DUPLICATE_METHOD_MATCH = YES;
				COPY_PHASE_STRIP = NO;
				DEBUG_INFORMATION_FORMAT = dwarf;
				ENABLE_STRICT_OBJC_MSGSEND = YES;
				ENABLE_TESTABILITY = YES;
				ENABLE_USER_SCRIPT_SANDBOXING = YES;
				GCC_C_LANGUAGE_STANDARD = gnu17;
				GCC_DYNAMIC_NO_PIC = NO;
				GCC_NO_COMMON_BLOCKS = YES;
				GCC_OPTIMIZATION_LEVEL = 0;
				GCC_PREPROCESSOR_DEFINITIONS = (
					"DEBUG=1",
					"$(inherited)",
				);
				GCC_WARN_64_TO_32_BIT_CONVERSION = YES;
				GCC_WARN_ABOUT_RETURN_TYPE = YES_ERROR;
				GCC_WARN_UNDECLARED_SELECTOR = YES;
				GCC_WARN_UNINITIALIZED_AUTOS = YES_AGGRESSIVE;
				GCC_WARN_UNUSED_FUNCTION = YES;
				GCC_WARN_UNUSED_VARIABLE = YES;
				IPHONEOS_DEPLOYMENT_TARGET = 18.5;
				LOCALIZATION_PREFERS_STRING_CATALOGS = YES;
				MTL_ENABLE_DEBUG_INFO = INCLUDE_SOURCE;
				MTL_FAST_MATH = YES;
				ONLY_ACTIVE_ARCH = YES;
				SDKROOT = iphoneos;
				SWIFT_ACTIVE_COMPILATION_CONDITIONS = "DEBUG $(inherited)";
				SWIFT_OPTIMIZATION_LEVEL = "-Onone";
			};
			name = Debug;
		};
		ED2F2B7A2E0BB28B00999EB2 /* Release */ = {
			isa = XCBuildConfiguration;
			buildSettings = {
				ALWAYS_SEARCH_USER_PATHS = NO;
				ASSETCATALOG_COMPILER_GENERATE_SWIFT_ASSET_SYMBOL_EXTENSIONS = YES;
				CLANG_ANALYZER_NONNULL = YES;
				CLANG_ANALYZER_NUMBER_OBJECT_CONVERSION = YES_AGGRESSIVE;
				CLANG_CXX_LANGUAGE_STANDARD = "gnu++20";
				CLANG_ENABLE_MODULES = YES;
				CLANG_ENABLE_OBJC_ARC = YES;
				CLANG_ENABLE_OBJC_WEAK = YES;
				CLANG_WARN_BLOCK_CAPTURE_AUTORELEASING = YES;
				CLANG_WARN_BOOL_CONVERSION = YES;
				CLANG_WARN_COMMA = YES;
				CLANG_WARN_CONSTANT_CONVERSION = YES;
				CLANG_WARN_DEPRECATED_OBJC_IMPLEMENTATIONS = YES;
				CLANG_WARN_DIRECT_OBJC_ISA_USAGE = YES_ERROR;
				CLANG_WARN_DOCUMENTATION_COMMENTS = YES;
				CLANG_WARN_EMPTY_BODY = YES;
				CLANG_WARN_ENUM_CONVERSION = YES;
				CLANG_WARN_INFINITE_RECURSION = YES;
				CLANG_WARN_INT_CONVERSION = YES;
				CLANG_WARN_NON_LITERAL_NULL_CONVERSION = YES;
				CLANG_WARN_OBJC_IMPLICIT_RETAIN_SELF = YES;
				CLANG_WARN_OBJC_LITERAL_CONVERSION = YES;
				CLANG_WARN_OBJC_ROOT_CLASS = YES_ERROR;
				CLANG_WARN_QUOTED_INCLUDE_IN_FRAMEWORK_HEADER = YES;
				CLANG_WARN_RANGE_LOOP_ANALYSIS = YES;
				CLANG_WARN_STRICT_PROTOTYPES = YES;
				CLANG_WARN_SUSPICIOUS_MOVE = YES;
				CLANG_WARN_UNGUARDED_AVAILABILITY = YES_AGGRESSIVE;
				CLANG_WARN_UNREACHABLE_CODE = YES;
				CLANG_WARN__DUPLICATE_METHOD_MATCH = YES;
				COPY_PHASE_STRIP = NO;
				DEBUG_INFORMATION_FORMAT = "dwarf-with-dsym";
				ENABLE_NS_ASSERTIONS = NO;
				ENABLE_STRICT_OBJC_MSGSEND = YES;
				ENABLE_USER_SCRIPT_SANDBOXING = YES;
				GCC_C_LANGUAGE_STANDARD = gnu17;
				GCC_NO_COMMON_BLOCKS = YES;
				GCC_WARN_64_TO_32_BIT_CONVERSION = YES;
				GCC_WARN_ABOUT_RETURN_TYPE = YES_ERROR;
				GCC_WARN_UNDECLARED_SELECTOR = YES;
				GCC_WARN_UNINITIALIZED_AUTOS = YES_AGGRESSIVE;
				GCC_WARN_UNUSED_FUNCTION = YES;
				GCC_WARN_UNUSED_VARIABLE = YES;
				IPHONEOS_DEPLOYMENT_TARGET = 18.5;
				LOCALIZATION_PREFERS_STRING_CATALOGS = YES;
				MTL_ENABLE_DEBUG_INFO = NO;
				MTL_FAST_MATH = YES;
				SDKROOT = iphoneos;
				SWIFT_COMPILATION_MODE = wholemodule;
				VALIDATE_PRODUCT = YES;
			};
			name = Release;
		};
		ED2F2B7C2E0BB28B00999EB2 /* Debug */ = {
			isa = XCBuildConfiguration;
			buildSettings = {
				ASSETCATALOG_COMPILER_APPICON_NAME = AppIcon;
				ASSETCATALOG_COMPILER_GLOBAL_ACCENT_COLOR_NAME = AccentColor;
				CODE_SIGN_STYLE = Automatic;
				CURRENT_PROJECT_VERSION = 1;
				DEVELOPMENT_TEAM = 5RFGRQ67E2;
				ENABLE_PREVIEWS = YES;
				GENERATE_INFOPLIST_FILE = YES;
				INFOPLIST_KEY_UIApplicationSceneManifest_Generation = YES;
				INFOPLIST_KEY_UIApplicationSupportsIndirectInputEvents = YES;
				INFOPLIST_KEY_UILaunchScreen_Generation = YES;
				INFOPLIST_KEY_UISupportedInterfaceOrientations_iPad = "UIInterfaceOrientationPortrait UIInterfaceOrientationPortraitUpsideDown UIInterfaceOrientationLandscapeLeft UIInterfaceOrientationLandscapeRight";
				INFOPLIST_KEY_UISupportedInterfaceOrientations_iPhone = "UIInterfaceOrientationPortrait UIInterfaceOrientationLandscapeLeft UIInterfaceOrientationLandscapeRight";
				LD_RUNPATH_SEARCH_PATHS = (
					"$(inherited)",
					"@executable_path/Frameworks",
				);
				MARKETING_VERSION = 1.0;
				PRODUCT_BUNDLE_IDENTIFIER = uk.derfcloud.ExerciseForGood.ExerciseForGood;
				PRODUCT_NAME = "$(TARGET_NAME)";
				SWIFT_EMIT_LOC_STRINGS = YES;
				SWIFT_VERSION = 5.0;
				TARGETED_DEVICE_FAMILY = "1,2";
			};
			name = Debug;
		};
		ED2F2B7D2E0BB28B00999EB2 /* Release */ = {
			isa = XCBuildConfiguration;
			buildSettings = {
				ASSETCATALOG_COMPILER_APPICON_NAME = AppIcon;
				ASSETCATALOG_COMPILER_GLOBAL_ACCENT_COLOR_NAME = AccentColor;
				CODE_SIGN_STYLE = Automatic;
				CURRENT_PROJECT_VERSION = 1;
				DEVELOPMENT_TEAM = 5RFGRQ67E2;
				ENABLE_PREVIEWS = YES;
				GENERATE_INFOPLIST_FILE = YES;
				INFOPLIST_KEY_UIApplicationSceneManifest_Generation = YES;
				INFOPLIST_KEY_UIApplicationSupportsIndirectInputEvents = YES;
				INFOPLIST_KEY_UILaunchScreen_Generation = YES;
				INFOPLIST_KEY_UISupportedInterfaceOrientations_iPad = "UIInterfaceOrientationPortrait UIInterfaceOrientationPortraitUpsideDown UIInterfaceOrientationLandscapeLeft UIInterfaceOrientationLandscapeRight";
				INFOPLIST_KEY_UISupportedInterfaceOrientations_iPhone = "UIInterfaceOrientationPortrait UIInterfaceOrientationLandscapeLeft UIInterfaceOrientationLandscapeRight";
				LD_RUNPATH_SEARCH_PATHS = (
					"$(inherited)",
					"@executable_path/Frameworks",
				);
				MARKETING_VERSION = 1.0;
				PRODUCT_BUNDLE_IDENTIFIER = uk.derfcloud.ExerciseForGood.ExerciseForGood;
				PRODUCT_NAME = "$(TARGET_NAME)";
				SWIFT_EMIT_LOC_STRINGS = YES;
				SWIFT_VERSION = 5.0;
				TARGETED_DEVICE_FAMILY = "1,2";
			};
			name = Release;
		};
		ED2F2B7F2E0BB28B00999EB2 /* Debug */ = {
			isa = XCBuildConfiguration;
			buildSettings = {
				BUNDLE_LOADER = "$(TEST_HOST)";
				CODE_SIGN_STYLE = Automatic;
				CURRENT_PROJECT_VERSION = 1;
				GENERATE_INFOPLIST_FILE = YES;
				IPHONEOS_DEPLOYMENT_TARGET = 18.5;
				MARKETING_VERSION = 1.0;
				PRODUCT_BUNDLE_IDENTIFIER = uk.derfcloud.ExerciseForGood.ExerciseForGoodTests;
				PRODUCT_NAME = "$(TARGET_NAME)";
				SWIFT_EMIT_LOC_STRINGS = NO;
				SWIFT_VERSION = 5.0;
				TARGETED_DEVICE_FAMILY = "1,2";
				TEST_HOST = "$(BUILT_PRODUCTS_DIR)/ExerciseForGood.app/$(BUNDLE_EXECUTABLE_FOLDER_PATH)/ExerciseForGood";
			};
			name = Debug;
		};
		ED2F2B802E0BB28B00999EB2 /* Release */ = {
			isa = XCBuildConfiguration;
			buildSettings = {
				BUNDLE_LOADER = "$(TEST_HOST)";
				CODE_SIGN_STYLE = Automatic;
				CURRENT_PROJECT_VERSION = 1;
				GENERATE_INFOPLIST_FILE = YES;
				IPHONEOS_DEPLOYMENT_TARGET = 18.5;
				MARKETING_VERSION = 1.0;
				PRODUCT_BUNDLE_IDENTIFIER = uk.derfcloud.ExerciseForGood.ExerciseForGoodTests;
				PRODUCT_NAME = "$(TARGET_NAME)";
				SWIFT_EMIT_LOC_STRINGS = NO;
				SWIFT_VERSION = 5.0;
				TARGETED_DEVICE_FAMILY = "1,2";
				TEST_HOST = "$(BUILT_PRODUCTS_DIR)/ExerciseForGood.app/$(BUNDLE_EXECUTABLE_FOLDER_PATH)/ExerciseForGood";
			};
			name = Release;
		};
		ED2F2B822E0BB28B00999EB2 /* Debug */ = {
			isa = XCBuildConfiguration;
			buildSettings = {
				CODE_SIGN_STYLE = Automatic;
				CURRENT_PROJECT_VERSION = 1;
				GENERATE_INFOPLIST_FILE = YES;
				MARKETING_VERSION = 1.0;
				PRODUCT_BUNDLE_IDENTIFIER = uk.derfcloud.ExerciseForGood.ExerciseForGoodUITests;
				PRODUCT_NAME = "$(TARGET_NAME)";
				SWIFT_EMIT_LOC_STRINGS = NO;
				SWIFT_VERSION = 5.0;
				TARGETED_DEVICE_FAMILY = "1,2";
				TEST_TARGET_NAME = ExerciseForGood;
			};
			name = Debug;
		};
		ED2F2B832E0BB28B00999EB2 /* Release */ = {
			isa = XCBuildConfiguration;
			buildSettings = {
				CODE_SIGN_STYLE = Automatic;
				CURRENT_PROJECT_VERSION = 1;
				GENERATE_INFOPLIST_FILE = YES;
				MARKETING_VERSION = 1.0;
				PRODUCT_BUNDLE_IDENTIFIER = uk.derfcloud.ExerciseForGood.ExerciseForGoodUITests;
				PRODUCT_NAME = "$(TARGET_NAME)";
				SWIFT_EMIT_LOC_STRINGS = NO;
				SWIFT_VERSION = 5.0;
				TARGETED_DEVICE_FAMILY = "1,2";
				TEST_TARGET_NAME = ExerciseForGood;
			};
			name = Release;
		};
/* End XCBuildConfiguration section */

/* Begin XCConfigurationList section */
		ED2F2B532E0BB28A00999EB2 /* Build configuration list for PBXProject "ExerciseForGood" */ = {
			isa = XCConfigurationList;
			buildConfigurations = (
				ED2F2B792E0BB28B00999EB2 /* Debug */,
				ED2F2B7A2E0BB28B00999EB2 /* Release */,
			);
			defaultConfigurationIsVisible = 0;
			defaultConfigurationName = Release;
		};
		ED2F2B7B2E0BB28B00999EB2 /* Build configuration list for PBXNativeTarget "ExerciseForGood" */ = {
			isa = XCConfigurationList;
			buildConfigurations = (
				ED2F2B7C2E0BB28B00999EB2 /* Debug */,
				ED2F2B7D2E0BB28B00999EB2 /* Release */,
			);
			defaultConfigurationIsVisible = 0;
			defaultConfigurationName = Release;
		};
		ED2F2B7E2E0BB28B00999EB2 /* Build configuration list for PBXNativeTarget "ExerciseForGoodTests" */ = {
			isa = XCConfigurationList;
			buildConfigurations = (
				ED2F2B7F2E0BB28B00999EB2 /* Debug */,
				ED2F2B802E0BB28B00999EB2 /* Release */,
			);
			defaultConfigurationIsVisible = 0;
			defaultConfigurationName = Release;
		};
		ED2F2B812E0BB28B00999EB2 /* Build configuration list for PBXNativeTarget "ExerciseForGoodUITests" */ = {
			isa = XCConfigurationList;
			buildConfigurations = (
				ED2F2B822E0BB28B00999EB2 /* Debug */,
				ED2F2B832E0BB28B00999EB2 /* Release */,
			);
			defaultConfigurationIsVisible = 0;
			defaultConfigurationName = Release;
		};
/* End XCConfigurationList section */
	};
	rootObject = ED2F2B502E0BB28A00999EB2 /* Project object */;
}
