// !$*UTF8*$!
{
	archiveVersion = 1;
	classes = {
	};
	objectVersion = 56;
	objects = {

/* Begin PBXBuildFile section */
		B626412B2E07C29100E33B2F /* ExerciseForGoodApp.swift in Sources */ = {isa = PBXBuildFile; fileRef = B626412A2E07C29100E33B2F /* ExerciseForGoodApp.swift */; };
		B626412D2E07C29100E33B2F /* ContentView.swift in Sources */ = {isa = PBXBuildFile; fileRef = B626412C2E07C29100E33B2F /* ContentView.swift */; };
		B626412F2E07C29100E33B2F /* Item.swift in Sources */ = {isa = PBXBuildFile; fileRef = B626412E2E07C29100E33B2F /* Item.swift */; };
		B62641312E07C29400E33B2F /* Assets.xcassets in Resources */ = {isa = PBXBuildFile; fileRef = B62641302E07C29400E33B2F /* Assets.xcassets */; };
		B62641342E07C29400E33B2F /* Preview Assets.xcassets in Resources */ = {isa = PBXBuildFile; fileRef = B62641332E07C29400E33B2F /* Preview Assets.xcassets */; };
		B626413E2E07C29500E33B2F /* ExerciseForGoodTests.swift in Sources */ = {isa = PBXBuildFile; fileRef = B626413D2E07C29500E33B2F /* ExerciseForGoodTests.swift */; };
		B62641482E07C29500E33B2F /* ExerciseForGoodUITests.swift in Sources */ = {isa = PBXBuildFile; fileRef = B62641472E07C29500E33B2F /* ExerciseForGoodUITests.swift */; };
		B626414A2E07C29500E33B2F /* ExerciseForGoodUITestsLaunchTests.swift in Sources */ = {isa = PBXBuildFile; fileRef = B62641492E07C29500E33B2F /* ExerciseForGoodUITestsLaunchTests.swift */; };
		B62641592E0836C500E33B2F /* TodayView.swift in Sources */ = {isa = PBXBuildFile; fileRef = B62641562E0836C500E33B2F /* TodayView.swift */; };
		B626415A2E0836C500E33B2F /* ProgressView.swift in Sources */ = {isa = PBXBuildFile; fileRef = B62641572E0836C500E33B2F /* ProgressView.swift */; };
		B626415B2E0836C500E33B2F /* PushUps.swift in Sources */ = {isa = PBXBuildFile; fileRef = B62641582E0836C500E33B2F /* PushUps.swift */; };
/* End PBXBuildFile section */

/* Begin PBXContainerItemProxy section */
		B626413A2E07C29500E33B2F /* PBXContainerItemProxy */ = {
			isa = PBXContainerItemProxy;
			containerPortal = B626411F2E07C29100E33B2F /* Project object */;
			proxyType = 1;
			remoteGlobalIDString = B62641262E07C29100E33B2F;
			remoteInfo = ExerciseForGood;
		};
		B62641442E07C29500E33B2F /* PBXContainerItemProxy */ = {
			isa = PBXContainerItemProxy;
			containerPortal = B626411F2E07C29100E33B2F /* Project object */;
			proxyType = 1;
			remoteGlobalIDString = B62641262E07C29100E33B2F;
			remoteInfo = ExerciseForGood;
		};
/* End PBXContainerItemProxy section */

/* Begin PBXFileReference section */
		B62641272E07C29100E33B2F /* ExerciseForGood.app */ = {isa = PBXFileReference; explicitFileType = wrapper.application; includeInIndex = 0; path = ExerciseForGood.app; sourceTree = BUILT_PRODUCTS_DIR; };
		B626412A2E07C29100E33B2F /* ExerciseForGoodApp.swift */ = {isa = PBXFileReference; lastKnownFileType = sourcecode.swift; path = ExerciseForGoodApp.swift; sourceTree = "<group>"; };
		B626412C2E07C29100E33B2F /* ContentView.swift */ = {isa = PBXFileReference; lastKnownFileType = sourcecode.swift; path = ContentView.swift; sourceTree = "<group>"; };
		B626412E2E07C29100E33B2F /* Item.swift */ = {isa = PBXFileReference; lastKnownFileType = sourcecode.swift; path = Item.swift; sourceTree = "<group>"; };
		B62641302E07C29400E33B2F /* Assets.xcassets */ = {isa = PBXFileReference; lastKnownFileType = folder.assetcatalog; path = Assets.xcassets; sourceTree = "<group>"; };
		B62641332E07C29400E33B2F /* Preview Assets.xcassets */ = {isa = PBXFileReference; lastKnownFileType = folder.assetcatalog; path = "Preview Assets.xcassets"; sourceTree = "<group>"; };
		B62641392E07C29500E33B2F /* ExerciseForGoodTests.xctest */ = {isa = PBXFileReference; explicitFileType = wrapper.cfbundle; includeInIndex = 0; path = ExerciseForGoodTests.xctest; sourceTree = BUILT_PRODUCTS_DIR; };
		B626413D2E07C29500E33B2F /* ExerciseForGoodTests.swift */ = {isa = PBXFileReference; lastKnownFileType = sourcecode.swift; path = ExerciseForGoodTests.swift; sourceTree = "<group>"; };
		B62641432E07C29500E33B2F /* ExerciseForGoodUITests.xctest */ = {isa = PBXFileReference; explicitFileType = wrapper.cfbundle; includeInIndex = 0; path = ExerciseForGoodUITests.xctest; sourceTree = BUILT_PRODUCTS_DIR; };
		B62641472E07C29500E33B2F /* ExerciseForGoodUITests.swift */ = {isa = PBXFileReference; lastKnownFileType = sourcecode.swift; path = ExerciseForGoodUITests.swift; sourceTree = "<group>"; };
		B62641492E07C29500E33B2F /* ExerciseForGoodUITestsLaunchTests.swift */ = {isa = PBXFileReference; lastKnownFileType = sourcecode.swift; path = ExerciseForGoodUITestsLaunchTests.swift; sourceTree = "<group>"; };
		B62641562E0836C500E33B2F /* TodayView.swift */ = {isa = PBXFileReference; fileEncoding = 4; lastKnownFileType = sourcecode.swift; path = TodayView.swift; sourceTree = "<group>"; };
		B62641572E0836C500E33B2F /* ProgressView.swift */ = {isa = PBXFileReference; fileEncoding = 4; lastKnownFileType = sourcecode.swift; path = ProgressView.swift; sourceTree = "<group>"; };
		B62641582E0836C500E33B2F /* PushUps.swift */ = {isa = PBXFileReference; fileEncoding = 4; lastKnownFileType = sourcecode.swift; path = PushUps.swift; sourceTree = "<group>"; };
/* End PBXFileReference section */

/* Begin PBXFrameworksBuildPhase section */
		B62641242E07C29100E33B2F /* Frameworks */ = {
			isa = PBXFrameworksBuildPhase;
			buildActionMask = 2147483647;
			files = (
			);
			runOnlyForDeploymentPostprocessing = 0;
		};
		B62641362E07C29500E33B2F /* Frameworks */ = {
			isa = PBXFrameworksBuildPhase;
			buildActionMask = 2147483647;
			files = (
			);
			runOnlyForDeploymentPostprocessing = 0;
		};
		B62641402E07C29500E33B2F /* Frameworks */ = {
			isa = PBXFrameworksBuildPhase;
			buildActionMask = 2147483647;
			files = (
			);
			runOnlyForDeploymentPostprocessing = 0;
		};
/* End PBXFrameworksBuildPhase section */

/* Begin PBXGroup section */
		B626411E2E07C29100E33B2F = {
			isa = PBXGroup;
			children = (
				B62641292E07C29100E33B2F /* ExerciseForGood */,
				B626413C2E07C29500E33B2F /* ExerciseForGoodTests */,
				B62641462E07C29500E33B2F /* ExerciseForGoodUITests */,
				B62641282E07C29100E33B2F /* Products */,
			);
			sourceTree = "<group>";
		};
		B62641282E07C29100E33B2F /* Products */ = {
			isa = PBXGroup;
			children = (
				B62641272E07C29100E33B2F /* ExerciseForGood.app */,
				B62641392E07C29500E33B2F /* ExerciseForGoodTests.xctest */,
				B62641432E07C29500E33B2F /* ExerciseForGoodUITests.xctest */,
			);
			name = Products;
			sourceTree = "<group>";
		};
		B62641292E07C29100E33B2F /* ExerciseForGood */ = {
			isa = PBXGroup;
			children = (
				B62641572E0836C500E33B2F /* ProgressView.swift */,
				B62641582E0836C500E33B2F /* PushUps.swift */,
				B62641562E0836C500E33B2F /* TodayView.swift */,
				B626412A2E07C29100E33B2F /* ExerciseForGoodApp.swift */,
				B626412C2E07C29100E33B2F /* ContentView.swift */,
				B626412E2E07C29100E33B2F /* Item.swift */,
				B62641302E07C29400E33B2F /* Assets.xcassets */,
				B62641322E07C29400E33B2F /* Preview Content */,
			);
			path = ExerciseForGood;
			sourceTree = "<group>";
		};
		B62641322E07C29400E33B2F /* Preview Content */ = {
			isa = PBXGroup;
			children = (
				B62641332E07C29400E33B2F /* Preview Assets.xcassets */,
			);
			path = "Preview Content";
			sourceTree = "<group>";
		};
		B626413C2E07C29500E33B2F /* ExerciseForGoodTests */ = {
			isa = PBXGroup;
			children = (
				B626413D2E07C29500E33B2F /* ExerciseForGoodTests.swift */,
			);
			path = ExerciseForGoodTests;
			sourceTree = "<group>";
		};
		B62641462E07C29500E33B2F /* ExerciseForGoodUITests */ = {
			isa = PBXGroup;
			children = (
				B62641472E07C29500E33B2F /* ExerciseForGoodUITests.swift */,
				B62641492E07C29500E33B2F /* ExerciseForGoodUITestsLaunchTests.swift */,
			);
			path = ExerciseForGoodUITests;
			sourceTree = "<group>";
		};
/* End PBXGroup section */

/* Begin PBXNativeTarget section */
		B62641262E07C29100E33B2F /* ExerciseForGood */ = {
			isa = PBXNativeTarget;
			buildConfigurationList = B626414D2E07C29500E33B2F /* Build configuration list for PBXNativeTarget "ExerciseForGood" */;
			buildPhases = (
				B62641232E07C29100E33B2F /* Sources */,
				B62641242E07C29100E33B2F /* Frameworks */,
				B62641252E07C29100E33B2F /* Resources */,
			);
			buildRules = (
			);
			dependencies = (
			);
			name = ExerciseForGood;
			productName = ExerciseForGood;
			productReference = B62641272E07C29100E33B2F /* ExerciseForGood.app */;
			productType = "com.apple.product-type.application";
		};
		B62641382E07C29500E33B2F /* ExerciseForGoodTests */ = {
			isa = PBXNativeTarget;
			buildConfigurationList = B62641502E07C29500E33B2F /* Build configuration list for PBXNativeTarget "ExerciseForGoodTests" */;
			buildPhases = (
				B62641352E07C29500E33B2F /* Sources */,
				B62641362E07C29500E33B2F /* Frameworks */,
				B62641372E07C29500E33B2F /* Resources */,
			);
			buildRules = (
			);
			dependencies = (
				B626413B2E07C29500E33B2F /* PBXTargetDependency */,
			);
			name = ExerciseForGoodTests;
			productName = ExerciseForGoodTests;
			productReference = B62641392E07C29500E33B2F /* ExerciseForGoodTests.xctest */;
			productType = "com.apple.product-type.bundle.unit-test";
		};
		B62641422E07C29500E33B2F /* ExerciseForGoodUITests */ = {
			isa = PBXNativeTarget;
			buildConfigurationList = B62641532E07C29500E33B2F /* Build configuration list for PBXNativeTarget "ExerciseForGoodUITests" */;
			buildPhases = (
				B626413F2E07C29500E33B2F /* Sources */,
				B62641402E07C29500E33B2F /* Frameworks */,
				B62641412E07C29500E33B2F /* Resources */,
			);
			buildRules = (
			);
			dependencies = (
				B62641452E07C29500E33B2F /* PBXTargetDependency */,
			);
			name = ExerciseForGoodUITests;
			productName = ExerciseForGoodUITests;
			productReference = B62641432E07C29500E33B2F /* ExerciseForGoodUITests.xctest */;
			productType = "com.apple.product-type.bundle.ui-testing";
		};
/* End PBXNativeTarget section */

/* Begin PBXProject section */
		B626411F2E07C29100E33B2F /* Project object */ = {
			isa = PBXProject;
			attributes = {
				BuildIndependentTargetsInParallel = 1;
				LastSwiftUpdateCheck = 1520;
				LastUpgradeCheck = 1520;
				TargetAttributes = {
					B62641262E07C29100E33B2F = {
						CreatedOnToolsVersion = 15.2;
					};
					B62641382E07C29500E33B2F = {
						CreatedOnToolsVersion = 15.2;
						TestTargetID = B62641262E07C29100E33B2F;
					};
					B62641422E07C29500E33B2F = {
						CreatedOnToolsVersion = 15.2;
						TestTargetID = B62641262E07C29100E33B2F;
					};
				};
			};
			buildConfigurationList = B62641222E07C29100E33B2F /* Build configuration list for PBXProject "ExerciseForGood" */;
			compatibilityVersion = "Xcode 14.0";
			developmentRegion = en;
			hasScannedForEncodings = 0;
			knownRegions = (
				en,
				Base,
			);
			mainGroup = B626411E2E07C29100E33B2F;
			productRefGroup = B62641282E07C29100E33B2F /* Products */;
			projectDirPath = "";
			projectRoot = "";
			targets = (
				B62641262E07C29100E33B2F /* ExerciseForGood */,
				B62641382E07C29500E33B2F /* ExerciseForGoodTests */,
				B62641422E07C29500E33B2F /* ExerciseForGoodUITests */,
			);
		};
/* End PBXProject section */

/* Begin PBXResourcesBuildPhase section */
		B62641252E07C29100E33B2F /* Resources */ = {
			isa = PBXResourcesBuildPhase;
			buildActionMask = 2147483647;
			files = (
				B62641342E07C29400E33B2F /* Preview Assets.xcassets in Resources */,
				B62641312E07C29400E33B2F /* Assets.xcassets in Resources */,
			);
			runOnlyForDeploymentPostprocessing = 0;
		};
		B62641372E07C29500E33B2F /* Resources */ = {
			isa = PBXResourcesBuildPhase;
			buildActionMask = 2147483647;
			files = (
			);
			runOnlyForDeploymentPostprocessing = 0;
		};
		B62641412E07C29500E33B2F /* Resources */ = {
			isa = PBXResourcesBuildPhase;
			buildActionMask = 2147483647;
			files = (
			);
			runOnlyForDeploymentPostprocessing = 0;
		};
/* End PBXResourcesBuildPhase section */

/* Begin PBXSourcesBuildPhase section */
		B62641232E07C29100E33B2F /* Sources */ = {
			isa = PBXSourcesBuildPhase;
			buildActionMask = 2147483647;
			files = (
				B626412D2E07C29100E33B2F /* ContentView.swift in Sources */,
				B626412F2E07C29100E33B2F /* Item.swift in Sources */,
				B626415A2E0836C500E33B2F /* ProgressView.swift in Sources */,
				B62641592E0836C500E33B2F /* TodayView.swift in Sources */,
				B626415B2E0836C500E33B2F /* PushUps.swift in Sources */,
				B626412B2E07C29100E33B2F /* ExerciseForGoodApp.swift in Sources */,
			);
			runOnlyForDeploymentPostprocessing = 0;
		};
		B62641352E07C29500E33B2F /* Sources */ = {
			isa = PBXSourcesBuildPhase;
			buildActionMask = 2147483647;
			files = (
				B626413E2E07C29500E33B2F /* ExerciseForGoodTests.swift in Sources */,
			);
			runOnlyForDeploymentPostprocessing = 0;
		};
		B626413F2E07C29500E33B2F /* Sources */ = {
			isa = PBXSourcesBuildPhase;
			buildActionMask = 2147483647;
			files = (
				B62641482E07C29500E33B2F /* ExerciseForGoodUITests.swift in Sources */,
				B626414A2E07C29500E33B2F /* ExerciseForGoodUITestsLaunchTests.swift in Sources */,
			);
			runOnlyForDeploymentPostprocessing = 0;
		};
/* End PBXSourcesBuildPhase section */

/* Begin PBXTargetDependency section */
		B626413B2E07C29500E33B2F /* PBXTargetDependency */ = {
			isa = PBXTargetDependency;
			target = B62641262E07C29100E33B2F /* ExerciseForGood */;
			targetProxy = B626413A2E07C29500E33B2F /* PBXContainerItemProxy */;
		};
		B62641452E07C29500E33B2F /* PBXTargetDependency */ = {
			isa = PBXTargetDependency;
			target = B62641262E07C29100E33B2F /* ExerciseForGood */;
			targetProxy = B62641442E07C29500E33B2F /* PBXContainerItemProxy */;
		};
/* End PBXTargetDependency section */

/* Begin XCBuildConfiguration section */
		B626414B2E07C29500E33B2F /* Debug */ = {
			isa = XCBuildConfiguration;
			buildSettings = {
				ALWAYS_SEARCH_USER_PATHS = NO;
				ASSETCATALOG_COMPILER_GENERATE_SWIFT_ASSET_SYMBOL_EXTENSIONS = YES;
				CLANG_ANALYZER_NONNULL = YES;
				CLANG_ANALYZER_NUMBER_OBJECT_CONVERSION = YES_AGGRESSIVE;
				CLANG_CXX_LANGUAGE_STANDARD = "gnu++20";
				CLANG_ENABLE_MODULES = YES;
				CLANG_ENABLE_OBJC_ARC = YES;
				CLANG_ENABLE_OBJC_WEAK = YES;
				CLANG_WARN_BLOCK_CAPTURE_AUTORELEASING = YES;
				CLANG_WARN_BOOL_CONVERSION = YES;
				CLANG_WARN_COMMA = YES;
				CLANG_WARN_CONSTANT_CONVERSION = YES;
				CLANG_WARN_DEPRECATED_OBJC_IMPLEMENTATIONS = YES;
				CLANG_WARN_DIRECT_OBJC_ISA_USAGE = YES_ERROR;
				CLANG_WARN_DOCUMENTATION_COMMENTS = YES;
				CLANG_WARN_EMPTY_BODY = YES;
				CLANG_WARN_ENUM_CONVERSION = YES;
				CLANG_WARN_INFINITE_RECURSION = YES;
				CLANG_WARN_INT_CONVERSION = YES;
				CLANG_WARN_NON_LITERAL_NULL_CONVERSION = YES;
				CLANG_WARN_OBJC_IMPLICIT_RETAIN_SELF = YES;
				CLANG_WARN_OBJC_LITERAL_CONVERSION = YES;
				CLANG_WARN_OBJC_ROOT_CLASS = YES_ERROR;
				CLANG_WARN_QUOTED_INCLUDE_IN_FRAMEWORK_HEADER = YES;
				CLANG_WARN_RANGE_LOOP_ANALYSIS = YES;
				CLANG_WARN_STRICT_PROTOTYPES = YES;
				CLANG_WARN_SUSPICIOUS_MOVE = YES;
				CLANG_WARN_UNGUARDED_AVAILABILITY = YES_AGGRESSIVE;
				CLANG_WARN_UNREACHABLE_CODE = YES;
				CLANG_WARN__DUPLICATE_METHOD_MATCH = YES;
				COPY_PHASE_STRIP = NO;
				DEBUG_INFORMATION_FORMAT = dwarf;
				ENABLE_STRICT_OBJC_MSGSEND = YES;
				ENABLE_TESTABILITY = YES;
				ENABLE_USER_SCRIPT_SANDBOXING = YES;
				GCC_C_LANGUAGE_STANDARD = gnu17;
				GCC_DYNAMIC_NO_PIC = NO;
				GCC_NO_COMMON_BLOCKS = YES;
				GCC_OPTIMIZATION_LEVEL = 0;
				GCC_PREPROCESSOR_DEFINITIONS = (
					"DEBUG=1",
					"$(inherited)",
				);
				GCC_WARN_64_TO_32_BIT_CONVERSION = YES;
				GCC_WARN_ABOUT_RETURN_TYPE = YES_ERROR;
				GCC_WARN_UNDECLARED_SELECTOR = YES;
				GCC_WARN_UNINITIALIZED_AUTOS = YES_AGGRESSIVE;
				GCC_WARN_UNUSED_FUNCTION = YES;
				GCC_WARN_UNUSED_VARIABLE = YES;
				IPHONEOS_DEPLOYMENT_TARGET = 17.2;
				LOCALIZATION_PREFERS_STRING_CATALOGS = YES;
				MTL_ENABLE_DEBUG_INFO = INCLUDE_SOURCE;
				MTL_FAST_MATH = YES;
				ONLY_ACTIVE_ARCH = YES;
				SDKROOT = iphoneos;
				SWIFT_ACTIVE_COMPILATION_CONDITIONS = "DEBUG $(inherited)";
				SWIFT_OPTIMIZATION_LEVEL = "-Onone";
			};
			name = Debug;
		};
		B626414C2E07C29500E33B2F /* Release */ = {
			isa = XCBuildConfiguration;
			buildSettings = {
				ALWAYS_SEARCH_USER_PATHS = NO;
				ASSETCATALOG_COMPILER_GENERATE_SWIFT_ASSET_SYMBOL_EXTENSIONS = YES;
				CLANG_ANALYZER_NONNULL = YES;
				CLANG_ANALYZER_NUMBER_OBJECT_CONVERSION = YES_AGGRESSIVE;
				CLANG_CXX_LANGUAGE_STANDARD = "gnu++20";
				CLANG_ENABLE_MODULES = YES;
				CLANG_ENABLE_OBJC_ARC = YES;
				CLANG_ENABLE_OBJC_WEAK = YES;
				CLANG_WARN_BLOCK_CAPTURE_AUTORELEASING = YES;
				CLANG_WARN_BOOL_CONVERSION = YES;
				CLANG_WARN_COMMA = YES;
				CLANG_WARN_CONSTANT_CONVERSION = YES;
				CLANG_WARN_DEPRECATED_OBJC_IMPLEMENTATIONS = YES;
				CLANG_WARN_DIRECT_OBJC_ISA_USAGE = YES_ERROR;
				CLANG_WARN_DOCUMENTATION_COMMENTS = YES;
				CLANG_WARN_EMPTY_BODY = YES;
				CLANG_WARN_ENUM_CONVERSION = YES;
				CLANG_WARN_INFINITE_RECURSION = YES;
				CLANG_WARN_INT_CONVERSION = YES;
				CLANG_WARN_NON_LITERAL_NULL_CONVERSION = YES;
				CLANG_WARN_OBJC_IMPLICIT_RETAIN_SELF = YES;
				CLANG_WARN_OBJC_LITERAL_CONVERSION = YES;
				CLANG_WARN_OBJC_ROOT_CLASS = YES_ERROR;
				CLANG_WARN_QUOTED_INCLUDE_IN_FRAMEWORK_HEADER = YES;
				CLANG_WARN_RANGE_LOOP_ANALYSIS = YES;
				CLANG_WARN_STRICT_PROTOTYPES = YES;
				CLANG_WARN_SUSPICIOUS_MOVE = YES;
				CLANG_WARN_UNGUARDED_AVAILABILITY = YES_AGGRESSIVE;
				CLANG_WARN_UNREACHABLE_CODE = YES;
				CLANG_WARN__DUPLICATE_METHOD_MATCH = YES;
				COPY_PHASE_STRIP = NO;
				DEBUG_INFORMATION_FORMAT = "dwarf-with-dsym";
				ENABLE_NS_ASSERTIONS = NO;
				ENABLE_STRICT_OBJC_MSGSEND = YES;
				ENABLE_USER_SCRIPT_SANDBOXING = YES;
				GCC_C_LANGUAGE_STANDARD = gnu17;
				GCC_NO_COMMON_BLOCKS = YES;
				GCC_WARN_64_TO_32_BIT_CONVERSION = YES;
				GCC_WARN_ABOUT_RETURN_TYPE = YES_ERROR;
				GCC_WARN_UNDECLARED_SELECTOR = YES;
				GCC_WARN_UNINITIALIZED_AUTOS = YES_AGGRESSIVE;
				GCC_WARN_UNUSED_FUNCTION = YES;
				GCC_WARN_UNUSED_VARIABLE = YES;
				IPHONEOS_DEPLOYMENT_TARGET = 17.2;
				LOCALIZATION_PREFERS_STRING_CATALOGS = YES;
				MTL_ENABLE_DEBUG_INFO = NO;
				MTL_FAST_MATH = YES;
				SDKROOT = iphoneos;
				SWIFT_COMPILATION_MODE = wholemodule;
				VALIDATE_PRODUCT = YES;
			};
			name = Release;
		};
		B626414E2E07C29500E33B2F /* Debug */ = {
			isa = XCBuildConfiguration;
			buildSettings = {
				ASSETCATALOG_COMPILER_APPICON_NAME = AppIcon;
				ASSETCATALOG_COMPILER_GLOBAL_ACCENT_COLOR_NAME = AccentColor;
				CODE_SIGN_STYLE = Automatic;
				CURRENT_PROJECT_VERSION = 1;
				DEVELOPMENT_ASSET_PATHS = "\"ExerciseForGood/Preview Content\"";
				DEVELOPMENT_TEAM = 5RFGRQ67E2;
				ENABLE_PREVIEWS = YES;
				GENERATE_INFOPLIST_FILE = YES;
				INFOPLIST_KEY_UIApplicationSceneManifest_Generation = YES;
				INFOPLIST_KEY_UIApplicationSupportsIndirectInputEvents = YES;
				INFOPLIST_KEY_UILaunchScreen_Generation = YES;
				INFOPLIST_KEY_UISupportedInterfaceOrientations_iPad = "UIInterfaceOrientationPortrait UIInterfaceOrientationPortraitUpsideDown UIInterfaceOrientationLandscapeLeft UIInterfaceOrientationLandscapeRight";
				INFOPLIST_KEY_UISupportedInterfaceOrientations_iPhone = "UIInterfaceOrientationPortrait UIInterfaceOrientationLandscapeLeft UIInterfaceOrientationLandscapeRight";
				LD_RUNPATH_SEARCH_PATHS = (
					"$(inherited)",
					"@executable_path/Frameworks",
				);
				MARKETING_VERSION = 1.0;
				PRODUCT_BUNDLE_IDENTIFIER = uk.derfcloud.ExerciseForGood;
				PRODUCT_NAME = "$(TARGET_NAME)";
				SWIFT_EMIT_LOC_STRINGS = YES;
				SWIFT_VERSION = 5.0;
				TARGETED_DEVICE_FAMILY = "1,2";
			};
			name = Debug;
		};
		B626414F2E07C29500E33B2F /* Release */ = {
			isa = XCBuildConfiguration;
			buildSettings = {
				ASSETCATALOG_COMPILER_APPICON_NAME = AppIcon;
				ASSETCATALOG_COMPILER_GLOBAL_ACCENT_COLOR_NAME = AccentColor;
				CODE_SIGN_STYLE = Automatic;
				CURRENT_PROJECT_VERSION = 1;
				DEVELOPMENT_ASSET_PATHS = "\"ExerciseForGood/Preview Content\"";
				DEVELOPMENT_TEAM = 5RFGRQ67E2;
				ENABLE_PREVIEWS = YES;
				GENERATE_INFOPLIST_FILE = YES;
				INFOPLIST_KEY_UIApplicationSceneManifest_Generation = YES;
				INFOPLIST_KEY_UIApplicationSupportsIndirectInputEvents = YES;
				INFOPLIST_KEY_UILaunchScreen_Generation = YES;
				INFOPLIST_KEY_UISupportedInterfaceOrientations_iPad = "UIInterfaceOrientationPortrait UIInterfaceOrientationPortraitUpsideDown UIInterfaceOrientationLandscapeLeft UIInterfaceOrientationLandscapeRight";
				INFOPLIST_KEY_UISupportedInterfaceOrientations_iPhone = "UIInterfaceOrientationPortrait UIInterfaceOrientationLandscapeLeft UIInterfaceOrientationLandscapeRight";
				LD_RUNPATH_SEARCH_PATHS = (
					"$(inherited)",
					"@executable_path/Frameworks",
				);
				MARKETING_VERSION = 1.0;
				PRODUCT_BUNDLE_IDENTIFIER = uk.derfcloud.ExerciseForGood;
				PRODUCT_NAME = "$(TARGET_NAME)";
				SWIFT_EMIT_LOC_STRINGS = YES;
				SWIFT_VERSION = 5.0;
				TARGETED_DEVICE_FAMILY = "1,2";
			};
			name = Release;
		};
		B62641512E07C29500E33B2F /* Debug */ = {
			isa = XCBuildConfiguration;
			buildSettings = {
				ALWAYS_EMBED_SWIFT_STANDARD_LIBRARIES = YES;
				BUNDLE_LOADER = "$(TEST_HOST)";
				CODE_SIGN_STYLE = Automatic;
				CURRENT_PROJECT_VERSION = 1;
				DEVELOPMENT_TEAM = 5RFGRQ67E2;
				GENERATE_INFOPLIST_FILE = YES;
				IPHONEOS_DEPLOYMENT_TARGET = 17.2;
				MARKETING_VERSION = 1.0;
				PRODUCT_BUNDLE_IDENTIFIER = uk.derfcloud.ExerciseForGoodTests;
				PRODUCT_NAME = "$(TARGET_NAME)";
				SWIFT_EMIT_LOC_STRINGS = NO;
				SWIFT_VERSION = 5.0;
				TARGETED_DEVICE_FAMILY = "1,2";
				TEST_HOST = "$(BUILT_PRODUCTS_DIR)/ExerciseForGood.app/$(BUNDLE_EXECUTABLE_FOLDER_PATH)/ExerciseForGood";
			};
			name = Debug;
		};
		B62641522E07C29500E33B2F /* Release */ = {
			isa = XCBuildConfiguration;
			buildSettings = {
				ALWAYS_EMBED_SWIFT_STANDARD_LIBRARIES = YES;
				BUNDLE_LOADER = "$(TEST_HOST)";
				CODE_SIGN_STYLE = Automatic;
				CURRENT_PROJECT_VERSION = 1;
				DEVELOPMENT_TEAM = 5RFGRQ67E2;
				GENERATE_INFOPLIST_FILE = YES;
				IPHONEOS_DEPLOYMENT_TARGET = 17.2;
				MARKETING_VERSION = 1.0;
				PRODUCT_BUNDLE_IDENTIFIER = uk.derfcloud.ExerciseForGoodTests;
				PRODUCT_NAME = "$(TARGET_NAME)";
				SWIFT_EMIT_LOC_STRINGS = NO;
				SWIFT_VERSION = 5.0;
				TARGETED_DEVICE_FAMILY = "1,2";
				TEST_HOST = "$(BUILT_PRODUCTS_DIR)/ExerciseForGood.app/$(BUNDLE_EXECUTABLE_FOLDER_PATH)/ExerciseForGood";
			};
			name = Release;
		};
		B62641542E07C29500E33B2F /* Debug */ = {
			isa = XCBuildConfiguration;
			buildSettings = {
				ALWAYS_EMBED_SWIFT_STANDARD_LIBRARIES = YES;
				CODE_SIGN_STYLE = Automatic;
				CURRENT_PROJECT_VERSION = 1;
				DEVELOPMENT_TEAM = 5RFGRQ67E2;
				GENERATE_INFOPLIST_FILE = YES;
				MARKETING_VERSION = 1.0;
				PRODUCT_BUNDLE_IDENTIFIER = uk.derfcloud.ExerciseForGoodUITests;
				PRODUCT_NAME = "$(TARGET_NAME)";
				SWIFT_EMIT_LOC_STRINGS = NO;
				SWIFT_VERSION = 5.0;
				TARGETED_DEVICE_FAMILY = "1,2";
				TEST_TARGET_NAME = ExerciseForGood;
			};
			name = Debug;
		};
		B62641552E07C29500E33B2F /* Release */ = {
			isa = XCBuildConfiguration;
			buildSettings = {
				ALWAYS_EMBED_SWIFT_STANDARD_LIBRARIES = YES;
				CODE_SIGN_STYLE = Automatic;
				CURRENT_PROJECT_VERSION = 1;
				DEVELOPMENT_TEAM = 5RFGRQ67E2;
				GENERATE_INFOPLIST_FILE = YES;
				MARKETING_VERSION = 1.0;
				PRODUCT_BUNDLE_IDENTIFIER = uk.derfcloud.ExerciseForGoodUITests;
				PRODUCT_NAME = "$(TARGET_NAME)";
				SWIFT_EMIT_LOC_STRINGS = NO;
				SWIFT_VERSION = 5.0;
				TARGETED_DEVICE_FAMILY = "1,2";
				TEST_TARGET_NAME = ExerciseForGood;
			};
			name = Release;
		};
/* End XCBuildConfiguration section */

/* Begin XCConfigurationList section */
		B62641222E07C29100E33B2F /* Build configuration list for PBXProject "ExerciseForGood" */ = {
			isa = XCConfigurationList;
			buildConfigurations = (
				B626414B2E07C29500E33B2F /* Debug */,
				B626414C2E07C29500E33B2F /* Release */,
			);
			defaultConfigurationIsVisible = 0;
			defaultConfigurationName = Release;
		};
		B626414D2E07C29500E33B2F /* Build configuration list for PBXNativeTarget "ExerciseForGood" */ = {
			isa = XCConfigurationList;
			buildConfigurations = (
				B626414E2E07C29500E33B2F /* Debug */,
				B626414F2E07C29500E33B2F /* Release */,
			);
			defaultConfigurationIsVisible = 0;
			defaultConfigurationName = Release;
		};
		B62641502E07C29500E33B2F /* Build configuration list for PBXNativeTarget "ExerciseForGoodTests" */ = {
			isa = XCConfigurationList;
			buildConfigurations = (
				B62641512E07C29500E33B2F /* Debug */,
				B62641522E07C29500E33B2F /* Release */,
			);
			defaultConfigurationIsVisible = 0;
			defaultConfigurationName = Release;
		};
		B62641532E07C29500E33B2F /* Build configuration list for PBXNativeTarget "ExerciseForGoodUITests" */ = {
			isa = XCConfigurationList;
			buildConfigurations = (
				B62641542E07C29500E33B2F /* Debug */,
				B62641552E07C29500E33B2F /* Release */,
			);
			defaultConfigurationIsVisible = 0;
			defaultConfigurationName = Release;
		};
/* End XCConfigurationList section */
	};
	rootObject = B626411F2E07C29100E33B2F /* Project object */;
}
